
Microsoft Visual Studio Solution File, Format Version 12.00
# Visual Studio Version 17
VisualStudioVersion = 17.4.33205.214
MinimumVisualStudioVersion = 10.0.40219.1
Project("{FAE04EC0-301F-11D3-BF4B-00C04F79EFBC}") = "LMS", "LMS\LMS.csproj", "{EE3803B9-9B19-4592-9296-732ADC6D2202}"
EndProject
Global
	GlobalSection(SolutionConfigurationPlatforms) = preSolution
		Debug|Any CPU = Debug|Any CPU
		Release|Any CPU = Release|Any CPU
	EndGlobalSection
	GlobalSection(ProjectConfigurationPlatforms) = postSolution
		{EE3803B9-9B19-4592-9296-732ADC6D2202}.Debug|Any CPU.ActiveCfg = Debug|Any CPU
		{EE3803B9-9B19-4592-9296-732ADC6D2202}.Debug|Any CPU.Build.0 = Debug|Any CPU
		{EE3803B9-9B19-4592-9296-732ADC6D2202}.Release|Any CPU.ActiveCfg = Release|Any CPU
		{EE3803B9-9B19-4592-9296-732ADC6D2202}.Release|Any CPU.Build.0 = Release|Any CPU
	EndGlobalSection
	GlobalSection(SolutionProperties) = preSolution
		HideSolutionNode = FALSE
	EndGlobalSection
	GlobalSection(ExtensibilityGlobals) = postSolution
		SolutionGuid = {B2253A2A-63C4-46B3-BE01-9BC0AA5A6C93}
	EndGlobalSection
EndGlobal
